
Microsoft Visual Studio Solution File, Format Version 12.00
# Visual Studio Version 16
VisualStudioVersion = 16.0.31702.278
MinimumVisualStudioVersion = 10.0.40219.1
Project("{FAE04EC0-301F-11D3-BF4B-00C04F79EFBC}") = "00_Intro", "00_Intro\00_Intro.csproj", "{31E36F14-F5F8-402C-AF3E-AB4FA96AD3F0}"
EndProject
Project("{FAE04EC0-301F-11D3-BF4B-00C04F79EFBC}") = "01_ValueTypes", "01_ValueTypes\01_ValueTypes.csproj", "{06970DCC-85AA-4288-AD06-CEAD9BE65EEA}"
EndProject
Project("{FAE04EC0-301F-11D3-BF4B-00C04F79EFBC}") = "02_ReferenceTypes", "02_ReferenceTypes\02_ReferenceTypes.csproj", "{9757B836-CF0B-4AB3-A35C-3F69280813EE}"
EndProject
Project("{FAE04EC0-301F-11D3-BF4B-00C04F79EFBC}") = "03_Operators", "03_Operators\03_Operators.csproj", "{82B92101-6742-4E49-B866-B1B2536318AF}"
EndProject
Project("{FAE04EC0-301F-11D3-BF4B-00C04F79EFBC}") = "04_IfElseStatements", "04_IfElseStatements\04_IfElseStatements.csproj", "{6F5C18C6-FED5-405E-87AC-17D604F79FDD}"
EndProject
Project("{FAE04EC0-301F-11D3-BF4B-00C04F79EFBC}") = "04_SwitchCases", "04_SwitchCases\04_SwitchCases.csproj", "{227FA729-1ECD-4A36-A861-BE34DEC7C72B}"
EndProject
Project("{FAE04EC0-301F-11D3-BF4B-00C04F79EFBC}") = "05_Loops", "05_Loops\05_Loops.csproj", "{FE62DE6C-4DB9-4B5F-9A5A-55A752E82459}"
EndProject
Project("{FAE04EC0-301F-11D3-BF4B-00C04F79EFBC}") = "CodingChallengeSept25", "CodingChallengeSept25\CodingChallengeSept25.csproj", "{F616D3F2-55A6-4E04-986F-73553BBA8B57}"
EndProject
Project("{FAE04EC0-301F-11D3-BF4B-00C04F79EFBC}") = "06_Methods", "06_Methods\06_Methods.csproj", "{7B010C0A-4ED6-4E96-ADD9-11F253F9CE27}"
EndProject
Project("{FAE04EC0-301F-11D3-BF4B-00C04F79EFBC}") = "04_Ternaries", "04_Ternaries\04_Ternaries.csproj", "{701E9F3F-98CE-4603-951D-304C4BE0523C}"
EndProject
Global
	GlobalSection(SolutionConfigurationPlatforms) = preSolution
		Debug|Any CPU = Debug|Any CPU
		Release|Any CPU = Release|Any CPU
	EndGlobalSection
	GlobalSection(ProjectConfigurationPlatforms) = postSolution
		{31E36F14-F5F8-402C-AF3E-AB4FA96AD3F0}.Debug|Any CPU.ActiveCfg = Debug|Any CPU
		{31E36F14-F5F8-402C-AF3E-AB4FA96AD3F0}.Debug|Any CPU.Build.0 = Debug|Any CPU
		{31E36F14-F5F8-402C-AF3E-AB4FA96AD3F0}.Release|Any CPU.ActiveCfg = Release|Any CPU
		{31E36F14-F5F8-402C-AF3E-AB4FA96AD3F0}.Release|Any CPU.Build.0 = Release|Any CPU
		{06970DCC-85AA-4288-AD06-CEAD9BE65EEA}.Debug|Any CPU.ActiveCfg = Debug|Any CPU
		{06970DCC-85AA-4288-AD06-CEAD9BE65EEA}.Debug|Any CPU.Build.0 = Debug|Any CPU
		{06970DCC-85AA-4288-AD06-CEAD9BE65EEA}.Release|Any CPU.ActiveCfg = Release|Any CPU
		{06970DCC-85AA-4288-AD06-CEAD9BE65EEA}.Release|Any CPU.Build.0 = Release|Any CPU
		{9757B836-CF0B-4AB3-A35C-3F69280813EE}.Debug|Any CPU.ActiveCfg = Debug|Any CPU
		{9757B836-CF0B-4AB3-A35C-3F69280813EE}.Debug|Any CPU.Build.0 = Debug|Any CPU
		{9757B836-CF0B-4AB3-A35C-3F69280813EE}.Release|Any CPU.ActiveCfg = Release|Any CPU
		{9757B836-CF0B-4AB3-A35C-3F69280813EE}.Release|Any CPU.Build.0 = Release|Any CPU
		{82B92101-6742-4E49-B866-B1B2536318AF}.Debug|Any CPU.ActiveCfg = Debug|Any CPU
		{82B92101-6742-4E49-B866-B1B2536318AF}.Debug|Any CPU.Build.0 = Debug|Any CPU
		{82B92101-6742-4E49-B866-B1B2536318AF}.Release|Any CPU.ActiveCfg = Release|Any CPU
		{82B92101-6742-4E49-B866-B1B2536318AF}.Release|Any CPU.Build.0 = Release|Any CPU
		{6F5C18C6-FED5-405E-87AC-17D604F79FDD}.Debug|Any CPU.ActiveCfg = Debug|Any CPU
		{6F5C18C6-FED5-405E-87AC-17D604F79FDD}.Debug|Any CPU.Build.0 = Debug|Any CPU
		{6F5C18C6-FED5-405E-87AC-17D604F79FDD}.Release|Any CPU.ActiveCfg = Release|Any CPU
		{6F5C18C6-FED5-405E-87AC-17D604F79FDD}.Release|Any CPU.Build.0 = Release|Any CPU
		{227FA729-1ECD-4A36-A861-BE34DEC7C72B}.Debug|Any CPU.ActiveCfg = Debug|Any CPU
		{227FA729-1ECD-4A36-A861-BE34DEC7C72B}.Debug|Any CPU.Build.0 = Debug|Any CPU
		{227FA729-1ECD-4A36-A861-BE34DEC7C72B}.Release|Any CPU.ActiveCfg = Release|Any CPU
		{227FA729-1ECD-4A36-A861-BE34DEC7C72B}.Release|Any CPU.Build.0 = Release|Any CPU
		{FE62DE6C-4DB9-4B5F-9A5A-55A752E82459}.Debug|Any CPU.ActiveCfg = Debug|Any CPU
		{FE62DE6C-4DB9-4B5F-9A5A-55A752E82459}.Debug|Any CPU.Build.0 = Debug|Any CPU
		{FE62DE6C-4DB9-4B5F-9A5A-55A752E82459}.Release|Any CPU.ActiveCfg = Release|Any CPU
		{FE62DE6C-4DB9-4B5F-9A5A-55A752E82459}.Release|Any CPU.Build.0 = Release|Any CPU
		{F616D3F2-55A6-4E04-986F-73553BBA8B57}.Debug|Any CPU.ActiveCfg = Debug|Any CPU
		{F616D3F2-55A6-4E04-986F-73553BBA8B57}.Debug|Any CPU.Build.0 = Debug|Any CPU
		{F616D3F2-55A6-4E04-986F-73553BBA8B57}.Release|Any CPU.ActiveCfg = Release|Any CPU
		{F616D3F2-55A6-4E04-986F-73553BBA8B57}.Release|Any CPU.Build.0 = Release|Any CPU
		{7B010C0A-4ED6-4E96-ADD9-11F253F9CE27}.Debug|Any CPU.ActiveCfg = Debug|Any CPU
		{7B010C0A-4ED6-4E96-ADD9-11F253F9CE27}.Debug|Any CPU.Build.0 = Debug|Any CPU
		{7B010C0A-4ED6-4E96-ADD9-11F253F9CE27}.Release|Any CPU.ActiveCfg = Release|Any CPU
		{7B010C0A-4ED6-4E96-ADD9-11F253F9CE27}.Release|Any CPU.Build.0 = Release|Any CPU
		{701E9F3F-98CE-4603-951D-304C4BE0523C}.Debug|Any CPU.ActiveCfg = Debug|Any CPU
		{701E9F3F-98CE-4603-951D-304C4BE0523C}.Debug|Any CPU.Build.0 = Debug|Any CPU
		{701E9F3F-98CE-4603-951D-304C4BE0523C}.Release|Any CPU.ActiveCfg = Release|Any CPU
		{701E9F3F-98CE-4603-951D-304C4BE0523C}.Release|Any CPU.Build.0 = Release|Any CPU
	EndGlobalSection
	GlobalSection(SolutionProperties) = preSolution
		HideSolutionNode = FALSE
	EndGlobalSection
	GlobalSection(ExtensibilityGlobals) = postSolution
		SolutionGuid = {F0C37D04-29F5-42E3-B782-D446A834DDAB}
	EndGlobalSection
EndGlobal
