
Microsoft Visual Studio Solution File, Format Version 12.00
# Visual Studio Version 16
VisualStudioVersion = 16.0.31702.278
MinimumVisualStudioVersion = 10.0.40219.1
Project("{FAE04EC0-301F-11D3-BF4B-00C04F79EFBC}") = "00_Intro", "00_Intro\00_Intro.csproj", "{31E36F14-F5F8-402C-AF3E-AB4FA96AD3F0}"
EndProject
Project("{FAE04EC0-301F-11D3-BF4B-00C04F79EFBC}") = "01_ValueTypes", "01_ValueTypes\01_ValueTypes.csproj", "{06970DCC-85AA-4288-AD06-CEAD9BE65EEA}"
EndProject
Project("{FAE04EC0-301F-11D3-BF4B-00C04F79EFBC}") = "02_ReferenceTypes", "02_ReferenceTypes\02_ReferenceTypes.csproj", "{9757B836-CF0B-4AB3-A35C-3F69280813EE}"
EndProject
Global
	GlobalSection(SolutionConfigurationPlatforms) = preSolution
		Debug|Any CPU = Debug|Any CPU
		Release|Any CPU = Release|Any CPU
	EndGlobalSection
	GlobalSection(ProjectConfigurationPlatforms) = postSolution
		{31E36F14-F5F8-402C-AF3E-AB4FA96AD3F0}.Debug|Any CPU.ActiveCfg = Debug|Any CPU
		{31E36F14-F5F8-402C-AF3E-AB4FA96AD3F0}.Debug|Any CPU.Build.0 = Debug|Any CPU
		{31E36F14-F5F8-402C-AF3E-AB4FA96AD3F0}.Release|Any CPU.ActiveCfg = Release|Any CPU
		{31E36F14-F5F8-402C-AF3E-AB4FA96AD3F0}.Release|Any CPU.Build.0 = Release|Any CPU
		{06970DCC-85AA-4288-AD06-CEAD9BE65EEA}.Debug|Any CPU.ActiveCfg = Debug|Any CPU
		{06970DCC-85AA-4288-AD06-CEAD9BE65EEA}.Debug|Any CPU.Build.0 = Debug|Any CPU
		{06970DCC-85AA-4288-AD06-CEAD9BE65EEA}.Release|Any CPU.ActiveCfg = Release|Any CPU
		{06970DCC-85AA-4288-AD06-CEAD9BE65EEA}.Release|Any CPU.Build.0 = Release|Any CPU
		{9757B836-CF0B-4AB3-A35C-3F69280813EE}.Debug|Any CPU.ActiveCfg = Debug|Any CPU
		{9757B836-CF0B-4AB3-A35C-3F69280813EE}.Debug|Any CPU.Build.0 = Debug|Any CPU
		{9757B836-CF0B-4AB3-A35C-3F69280813EE}.Release|Any CPU.ActiveCfg = Release|Any CPU
		{9757B836-CF0B-4AB3-A35C-3F69280813EE}.Release|Any CPU.Build.0 = Release|Any CPU
	EndGlobalSection
	GlobalSection(SolutionProperties) = preSolution
		HideSolutionNode = FALSE
	EndGlobalSection
	GlobalSection(ExtensibilityGlobals) = postSolution
		SolutionGuid = {F0C37D04-29F5-42E3-B782-D446A834DDAB}
	EndGlobalSection
EndGlobal
